{
  "name": "assets",
  "lockfileVersion": 3,
  "requires": true,
  "packages": {
    "": {
      "dependencies": {
        "alpinejs": "^3.14.0"
      },
      "devDependencies": {
        "@types/alpinejs": "^3.13.10"
      }
    },
    "node_modules/.pnpm/@types+alpinejs@3.13.10/node_modules/@types/alpinejs": {
      "version": "3.13.10",
      "dev": true,
      "license": "MIT"
    },
    "node_modules/.pnpm/@vue+reactivity@3.1.5": {},
    "node_modules/.pnpm/@vue+reactivity@3.1.5/node_modules/@vue/reactivity": {
      "version": "3.1.5",
      "license": "MIT",
      "dependencies": {
        "@vue/shared": "3.1.5"
      }
    },
    "node_modules/.pnpm/@vue+reactivity@3.1.5/node_modules/@vue/shared": {
      "resolved": "node_modules/.pnpm/@vue+shared@3.1.5/node_modules/@vue/shared",
      "link": true
    },
    "node_modules/.pnpm/@vue+shared@3.1.5/node_modules/@vue/shared": {
      "version": "3.1.5",
      "license": "MIT"
    },
    "node_modules/.pnpm/alpinejs@3.14.0": {},
    "node_modules/.pnpm/alpinejs@3.14.0/node_modules/@vue/reactivity": {
      "resolved": "node_modules/.pnpm/@vue+reactivity@3.1.5/node_modules/@vue/reactivity",
      "link": true
    },
    "node_modules/.pnpm/alpinejs@3.14.0/node_modules/alpinejs": {
      "version": "3.14.0",
      "license": "MIT",
      "dependencies": {
        "@vue/reactivity": "~3.1.1"
      }
    },
    "node_modules/@types/alpinejs": {
      "resolved": "node_modules/.pnpm/@types+alpinejs@3.13.10/node_modules/@types/alpinejs",
      "link": true
    },
    "node_modules/alpinejs": {
      "resolved": "node_modules/.pnpm/alpinejs@3.14.0/node_modules/alpinejs",
      "link": true
    }
  }
}
