{
  "name": "assets",
  "lockfileVersion": 3,
  "requires": true,
  "packages": {
    "": {
      "dependencies": {
        "alpinejs": "^3.14.0",
        "phoenix": "^1.7.14",
        "phoenix_live_view": "^1.0.0-rc.6",
        "zod": "^3.23.8"
      },
      "devDependencies": {
        "@types/alpinejs": "^3.13.10",
        "@types/phoenix": "^1.6.5",
        "@types/phoenix_live_view": "^0.18.5",
        "install": "^0.13.0"
      }
    },
    "node_modules/.pnpm/@types+alpinejs@3.13.10/node_modules/@types/alpinejs": {
      "version": "3.13.10",
      "dev": true,
      "license": "MIT"
    },
    "node_modules/.pnpm/@vue+reactivity@3.1.5": {},
    "node_modules/.pnpm/@vue+reactivity@3.1.5/node_modules/@vue/reactivity": {
      "version": "3.1.5",
      "license": "MIT",
      "dependencies": {
        "@vue/shared": "3.1.5"
      }
    },
    "node_modules/.pnpm/@vue+reactivity@3.1.5/node_modules/@vue/shared": {
      "resolved": "node_modules/.pnpm/@vue+shared@3.1.5/node_modules/@vue/shared",
      "link": true
    },
    "node_modules/.pnpm/@vue+shared@3.1.5/node_modules/@vue/shared": {
      "version": "3.1.5",
      "license": "MIT"
    },
    "node_modules/.pnpm/alpinejs@3.14.0": {},
    "node_modules/.pnpm/alpinejs@3.14.0/node_modules/@vue/reactivity": {
      "resolved": "node_modules/.pnpm/@vue+reactivity@3.1.5/node_modules/@vue/reactivity",
      "link": true
    },
    "node_modules/.pnpm/alpinejs@3.14.0/node_modules/alpinejs": {
      "version": "3.14.0",
      "license": "MIT",
      "dependencies": {
        "@vue/reactivity": "~3.1.1"
      }
    },
    "node_modules/@types/alpinejs": {
      "resolved": "node_modules/.pnpm/@types+alpinejs@3.13.10/node_modules/@types/alpinejs",
      "link": true
    },
    "node_modules/@types/phoenix": {
      "version": "1.6.5",
      "resolved": "https://registry.npmjs.org/@types/phoenix/-/phoenix-1.6.5.tgz",
      "integrity": "sha512-xegpDuR+z0UqG9fwHqNoy3rI7JDlvaPh2TY47Fl80oq6g+hXT+c/LEuE43X48clZ6lOfANl5WrPur9fYO1RJ/w==",
      "dev": true,
      "license": "MIT"
    },
    "node_modules/@types/phoenix_live_view": {
      "version": "0.18.5",
      "resolved": "https://registry.npmjs.org/@types/phoenix_live_view/-/phoenix_live_view-0.18.5.tgz",
      "integrity": "sha512-mxj3KVkp+wX+hLFAILTbfIx5Q890TBgs/jxc6nmmVv6bW6Z9qer/5tZtGOcL3IES75QqqOHSTrjwwz0iZBs0lw==",
      "dev": true,
      "license": "MIT",
      "dependencies": {
        "@types/phoenix": "*"
      }
    },
    "node_modules/alpinejs": {
      "resolved": "node_modules/.pnpm/alpinejs@3.14.0/node_modules/alpinejs",
      "link": true
    },
    "node_modules/install": {
      "version": "0.13.0",
      "resolved": "https://registry.npmjs.org/install/-/install-0.13.0.tgz",
      "integrity": "sha512-zDml/jzr2PKU9I8J/xyZBQn8rPCAY//UOYNmR01XwNwyfhEWObo2SWfSl1+0tm1u6PhxLwDnfsT/6jB7OUxqFA==",
      "dev": true,
      "license": "MIT",
      "engines": {
        "node": ">= 0.10"
      }
    },
    "node_modules/phoenix": {
      "version": "1.7.14",
      "resolved": "https://registry.npmjs.org/phoenix/-/phoenix-1.7.14.tgz",
      "integrity": "sha512-3tZ76PiH/2g+Kyzhz8+GIFYrnx3lRnwi/Qt3ZUH04xpMxXL7Guerd5aaxtpWal73X+H8iLAjo2c+AgRy2KYQcQ==",
      "license": "MIT"
    },
    "node_modules/phoenix_live_view": {
      "version": "1.0.0-rc.6",
      "resolved": "https://registry.npmjs.org/phoenix_live_view/-/phoenix_live_view-1.0.0-rc.6.tgz",
      "integrity": "sha512-ivDW9H/PkH4h1EnTJ9MwBPIKMyrcxENS8+SpwUY/ampHCT9oR4UvrNDkAphWB9FOEhrJvznNRAgDU1MzEKEKVw==",
      "license": "MIT"
    },
    "node_modules/zod": {
      "version": "3.23.8",
      "resolved": "https://registry.npmjs.org/zod/-/zod-3.23.8.tgz",
      "integrity": "sha512-XBx9AXhXktjUqnepgTiE5flcKIYWi/rme0Eaj+5Y0lftuGBq+jyRu/md4WnuxqgP1ubdpNCsYEYPxrzVHD8d6g==",
      "license": "MIT",
      "funding": {
        "url": "https://github.com/sponsors/colinhacks"
      }
    }
  }
}
